{
  "version": 4,
  "terraform_version": "1.10.5",
  "serial": 47,
  "lineage": "a7e42235-635e-5db2-c33c-adde32b69a96",
  "outputs": {
    "backend_public_ip": {
      "value": "3.78.248.59",
      "type": "string"
    },
    "ec2_public_ip": {
      "value": "3.78.248.59",
      "type": "string"
    },
    "s3_bucket_name": {
      "value": "newsquest-bucket",
      "type": "string"
    },
    "ssh_command": {
      "value": "ssh -i news_key.pem ubuntu@3.78.248.59",
      "type": "string"
    }
  },
  "resources": [
    {
      "mode": "managed",
      "type": "aws_instance",
      "name": "newsquest_backend",
      "provider": "provider[\"registry.terraform.io/hashicorp/aws\"]",
      "instances": [
        {
          "schema_version": 1,
          "attributes": {
            "ami": "ami-04a5bacc58328233d",
            "arn": "arn:aws:ec2:eu-central-1:156041404069:instance/i-00be0d35076abe8eb",
            "associate_public_ip_address": true,
            "availability_zone": "eu-central-1b",
            "capacity_reservation_specification": [
              {
                "capacity_reservation_preference": "open",
                "capacity_reservation_target": []
              }
            ],
            "cpu_core_count": 1,
            "cpu_options": [
              {
                "amd_sev_snp": "",
                "core_count": 1,
                "threads_per_core": 1
              }
            ],
            "cpu_threads_per_core": 1,
            "credit_specification": [
              {
                "cpu_credits": "standard"
              }
            ],
            "disable_api_stop": false,
            "disable_api_termination": false,
            "ebs_block_device": [],
            "ebs_optimized": false,
            "enable_primary_ipv6": null,
            "enclave_options": [
              {
                "enabled": false
              }
            ],
            "ephemeral_block_device": [],
            "get_password_data": false,
            "hibernation": false,
            "host_id": "",
            "host_resource_group_arn": null,
            "iam_instance_profile": "",
            "id": "i-00be0d35076abe8eb",
            "instance_initiated_shutdown_behavior": "stop",
            "instance_lifecycle": "",
            "instance_market_options": [],
            "instance_state": "running",
            "instance_type": "t2.micro",
            "ipv6_address_count": 0,
            "ipv6_addresses": [],
            "key_name": "news_key",
            "launch_template": [],
            "maintenance_options": [
              {
                "auto_recovery": "default"
              }
            ],
            "metadata_options": [
              {
                "http_endpoint": "enabled",
                "http_protocol_ipv6": "disabled",
                "http_put_response_hop_limit": 1,
                "http_tokens": "optional",
                "instance_metadata_tags": "disabled"
              }
            ],
            "monitoring": false,
            "network_interface": [],
            "outpost_arn": "",
            "password_data": "",
            "placement_group": "",
            "placement_partition_number": 0,
            "primary_network_interface_id": "eni-0418e1ff46096f8f2",
            "private_dns": "ip-172-31-34-9.eu-central-1.compute.internal",
            "private_dns_name_options": [
              {
                "enable_resource_name_dns_a_record": false,
                "enable_resource_name_dns_aaaa_record": false,
                "hostname_type": "ip-name"
              }
            ],
            "private_ip": "172.31.34.9",
            "public_dns": "ec2-3-78-248-59.eu-central-1.compute.amazonaws.com",
            "public_ip": "3.78.248.59",
            "root_block_device": [
              {
                "delete_on_termination": true,
                "device_name": "/dev/sda1",
                "encrypted": false,
                "iops": 100,
                "kms_key_id": "",
                "tags": {},
                "tags_all": {},
                "throughput": 0,
                "volume_id": "vol-0d3a1fb6800dc8442",
                "volume_size": 8,
                "volume_type": "gp2"
              }
            ],
            "secondary_private_ips": [],
            "security_groups": [
              "newsquest_security_group"
            ],
            "source_dest_check": true,
            "spot_instance_request_id": "",
            "subnet_id": "subnet-0ecbead1623d43ebf",
            "tags": {
              "Name": "NewsQuest-Backend"
            },
            "tags_all": {
              "Name": "NewsQuest-Backend"
            },
            "tenancy": "default",
            "timeouts": null,
            "user_data": null,
            "user_data_base64": null,
            "user_data_replace_on_change": false,
            "volume_tags": null,
            "vpc_security_group_ids": [
              "sg-071457c4a0b2a1d31"
            ]
          },
          "sensitive_attributes": [],
          "private": "eyJlMmJmYjczMC1lY2FhLTExZTYtOGY4OC0zNDM2M2JjN2M0YzAiOnsiY3JlYXRlIjo2MDAwMDAwMDAwMDAsImRlbGV0ZSI6MTIwMDAwMDAwMDAwMCwicmVhZCI6OTAwMDAwMDAwMDAwLCJ1cGRhdGUiOjYwMDAwMDAwMDAwMH0sInNjaGVtYV92ZXJzaW9uIjoiMSJ9",
          "dependencies": [
            "aws_key_pair.my_aws_key",
            "aws_security_group.newsquest_sg",
            "tls_private_key.my_key"
          ]
        }
      ]
    },
    {
      "mode": "managed",
      "type": "aws_key_pair",
      "name": "my_aws_key",
      "provider": "provider[\"registry.terraform.io/hashicorp/aws\"]",
      "instances": [
        {
          "schema_version": 1,
          "attributes": {
            "arn": "arn:aws:ec2:eu-central-1:156041404069:key-pair/news_key",
            "fingerprint": "15:82:00:a4:81:3a:04:9f:29:51:52:2e:d1:4e:b8:ed",
            "id": "news_key",
            "key_name": "news_key",
            "key_name_prefix": "",
            "key_pair_id": "key-0c11be8b55b0e40d1",
            "key_type": "rsa",
            "public_key": "ssh-rsa AAAAB3NzaC1yc2EAAAADAQABAAACAQCt+yFREiYw/AeBV1fIeVh/fTNWPNaRf3yzbPb4VHkQjy2H5T7AibVX4KnLZj+rgQKPr3Mc52cTfn+AVA71ts8bVrXh7sGYKIw5zMtKtlY2rX45I3cNS8Hbdn2NZyCooTdbFoi7G0lYN6ilAAlFRppKZippgcvxqCnGPfzKbZeNd0fDuXZRr0tYm6eu+2+1mv7YJb4j6Cc0i9QrW/6JrIl09c9Ylc1AyeaZNknXCVl9c2y4LwDaklf4Wwnvv5ORd05AqT6390wPYjC6YXfUy31PUzgIv6lwhPAN6hN7BXh45Lggp+nBFN2y9L6Xs/9l7pD3CCtekRruoj2ceyGSOP27f08JDS4j0zK7LcVwXe0Rx+aNSA0oHfQOnzSVt3s0MN85BT5/T3TfkwYR4cWGMbjWD2jdGhXSPueiYdV4YDmkTy70iVUXLGKcvJEpoXdoKg5JqrpZsm/SYCRdJB015wE5Gw+br+5Ns8IeX5iiE7x6Y+1Qv4Fsiiy7ddjtaPIsjcXAu9TP94zSSEL+R3YEtcM9qiLC/JCJfTZnMehNp4sJw4YBy1fQsaY3OZdn/UqWAYk5/91pDCbOQSan0h6c7c1ZF1cLLPAWmNRIeRnhHnBNHVjKWViGzU59jqBynz6Py0UBVDQIVmScjJg/VxMoZCIvKIRznCQJfpfJzoNGOTUKWQ==",
            "tags": {},
            "tags_all": {}
          },
          "sensitive_attributes": [],
          "private": "eyJzY2hlbWFfdmVyc2lvbiI6IjEifQ==",
          "dependencies": [
            "tls_private_key.my_key"
          ]
        }
      ]
    },
    {
      "mode": "managed",
      "type": "aws_s3_bucket",
      "name": "newsquest_frontend",
      "provider": "provider[\"registry.terraform.io/hashicorp/aws\"]",
      "instances": [
        {
          "schema_version": 0,
          "attributes": {
            "acceleration_status": "",
            "acl": null,
            "arn": "arn:aws:s3:::newsquest-bucket",
            "bucket": "newsquest-bucket",
            "bucket_domain_name": "newsquest-bucket.s3.amazonaws.com",
            "bucket_prefix": "",
            "bucket_regional_domain_name": "newsquest-bucket.s3.eu-central-1.amazonaws.com",
            "cors_rule": [],
            "force_destroy": false,
            "grant": [
              {
                "id": "",
                "permissions": [
                  "READ"
                ],
                "type": "Group",
                "uri": "http://acs.amazonaws.com/groups/global/AllUsers"
              },
              {
                "id": "7c97f4bcb9ba49e6e68866b70659cc53076b8a987aec18e21cd9996dac1c717d",
                "permissions": [
                  "FULL_CONTROL"
                ],
                "type": "CanonicalUser",
                "uri": ""
              }
            ],
            "hosted_zone_id": "Z21DNDUVLTQW6Q",
            "id": "newsquest-bucket",
            "lifecycle_rule": [],
            "logging": [],
            "object_lock_configuration": [],
            "object_lock_enabled": false,
            "policy": "{\"Statement\":[{\"Action\":\"s3:GetObject\",\"Effect\":\"Allow\",\"Principal\":\"*\",\"Resource\":[\"arn:aws:s3:::newsquest-bucket\",\"arn:aws:s3:::newsquest-bucket/*\"],\"Sid\":\"PublicReadGetObject\"}],\"Version\":\"2012-10-17\"}",
            "region": "eu-central-1",
            "replication_configuration": [],
            "request_payer": "BucketOwner",
            "server_side_encryption_configuration": [
              {
                "rule": [
                  {
                    "apply_server_side_encryption_by_default": [
                      {
                        "kms_master_key_id": "",
                        "sse_algorithm": "AES256"
                      }
                    ],
                    "bucket_key_enabled": false
                  }
                ]
              }
            ],
            "tags": {},
            "tags_all": {},
            "timeouts": null,
            "versioning": [
              {
                "enabled": false,
                "mfa_delete": false
              }
            ],
            "website": [
              {
                "error_document": "error.html",
                "index_document": "index.html",
                "redirect_all_requests_to": "",
                "routing_rules": ""
              }
            ],
            "website_domain": "s3-website.eu-central-1.amazonaws.com",
            "website_endpoint": "newsquest-bucket.s3-website.eu-central-1.amazonaws.com"
          },
          "sensitive_attributes": [],
          "private": "eyJlMmJmYjczMC1lY2FhLTExZTYtOGY4OC0zNDM2M2JjN2M0YzAiOnsiY3JlYXRlIjoxMjAwMDAwMDAwMDAwLCJkZWxldGUiOjM2MDAwMDAwMDAwMDAsInJlYWQiOjEyMDAwMDAwMDAwMDAsInVwZGF0ZSI6MTIwMDAwMDAwMDAwMH19"
        }
      ]
    },
    {
      "mode": "managed",
      "type": "aws_s3_bucket_acl",
      "name": "site",
      "provider": "provider[\"registry.terraform.io/hashicorp/aws\"]",
      "instances": [
        {
          "schema_version": 0,
          "attributes": {
            "access_control_policy": [
              {
                "grant": [
                  {
                    "grantee": [
                      {
                        "display_name": "",
                        "email_address": "",
                        "id": "",
                        "type": "Group",
                        "uri": "http://acs.amazonaws.com/groups/global/AllUsers"
                      }
                    ],
                    "permission": "READ"
                  },
                  {
                    "grantee": [
                      {
                        "display_name": "",
                        "email_address": "",
                        "id": "7c97f4bcb9ba49e6e68866b70659cc53076b8a987aec18e21cd9996dac1c717d",
                        "type": "CanonicalUser",
                        "uri": ""
                      }
                    ],
                    "permission": "FULL_CONTROL"
                  }
                ],
                "owner": [
                  {
                    "display_name": "",
                    "id": "7c97f4bcb9ba49e6e68866b70659cc53076b8a987aec18e21cd9996dac1c717d"
                  }
                ]
              }
            ],
            "acl": "public-read",
            "bucket": "newsquest-bucket",
            "expected_bucket_owner": "",
            "id": "newsquest-bucket,public-read"
          },
          "sensitive_attributes": [],
          "private": "bnVsbA==",
          "dependencies": [
            "aws_s3_bucket.newsquest_frontend",
            "aws_s3_bucket_ownership_controls.site",
            "aws_s3_bucket_public_access_block.site"
          ]
        }
      ]
    },
    {
      "mode": "managed",
      "type": "aws_s3_bucket_ownership_controls",
      "name": "site",
      "provider": "provider[\"registry.terraform.io/hashicorp/aws\"]",
      "instances": [
        {
          "schema_version": 0,
          "attributes": {
            "bucket": "newsquest-bucket",
            "id": "newsquest-bucket",
            "rule": [
              {
                "object_ownership": "BucketOwnerPreferred"
              }
            ]
          },
          "sensitive_attributes": [],
          "private": "bnVsbA==",
          "dependencies": [
            "aws_s3_bucket.newsquest_frontend"
          ]
        }
      ]
    },
    {
      "mode": "managed",
      "type": "aws_s3_bucket_policy",
      "name": "site",
      "provider": "provider[\"registry.terraform.io/hashicorp/aws\"]",
      "instances": [
        {
          "schema_version": 0,
          "attributes": {
            "bucket": "newsquest-bucket",
            "id": "newsquest-bucket",
            "policy": "{\"Statement\":[{\"Action\":\"s3:GetObject\",\"Effect\":\"Allow\",\"Principal\":\"*\",\"Resource\":[\"arn:aws:s3:::newsquest-bucket\",\"arn:aws:s3:::newsquest-bucket/*\"],\"Sid\":\"PublicReadGetObject\"}],\"Version\":\"2012-10-17\"}"
          },
          "sensitive_attributes": [],
          "private": "bnVsbA==",
          "dependencies": [
            "aws_s3_bucket.newsquest_frontend",
            "aws_s3_bucket_public_access_block.site"
          ]
        }
      ]
    },
    {
      "mode": "managed",
      "type": "aws_s3_bucket_public_access_block",
      "name": "site",
      "provider": "provider[\"registry.terraform.io/hashicorp/aws\"]",
      "instances": [
        {
          "schema_version": 0,
          "attributes": {
            "block_public_acls": false,
            "block_public_policy": false,
            "bucket": "newsquest-bucket",
            "id": "newsquest-bucket",
            "ignore_public_acls": false,
            "restrict_public_buckets": false
          },
          "sensitive_attributes": [],
          "private": "bnVsbA=="
        }
      ]
    },
    {
      "mode": "managed",
      "type": "aws_s3_bucket_website_configuration",
      "name": "site",
      "provider": "provider[\"registry.terraform.io/hashicorp/aws\"]",
      "instances": [
        {
          "schema_version": 0,
          "attributes": {
            "bucket": "newsquest-bucket",
            "error_document": [
              {
                "key": "error.html"
              }
            ],
            "expected_bucket_owner": "",
            "id": "newsquest-bucket",
            "index_document": [
              {
                "suffix": "index.html"
              }
            ],
            "redirect_all_requests_to": [],
            "routing_rule": [],
            "routing_rules": "",
            "website_domain": "s3-website.eu-central-1.amazonaws.com",
            "website_endpoint": "newsquest-bucket.s3-website.eu-central-1.amazonaws.com"
          },
          "sensitive_attributes": [],
          "private": "bnVsbA=="
        }
      ]
    },
    {
      "mode": "managed",
      "type": "aws_s3_object",
      "name": "error",
      "provider": "provider[\"registry.terraform.io/hashicorp/aws\"]",
      "instances": [
        {
          "schema_version": 0,
          "attributes": {
            "acl": "public-read",
            "arn": "arn:aws:s3:::newsquest-bucket/error.html",
            "bucket": "newsquest-bucket",
            "bucket_key_enabled": false,
            "cache_control": "",
            "checksum_algorithm": null,
            "checksum_crc32": "",
            "checksum_crc32c": "",
            "checksum_crc64nvme": "",
            "checksum_sha1": "",
            "checksum_sha256": "",
            "content": null,
            "content_base64": null,
            "content_disposition": "",
            "content_encoding": "",
            "content_language": "",
            "content_type": "text/html",
            "etag": "a8924736ec87bc7158e8820b615a9999",
            "force_destroy": false,
            "id": "error.html",
            "key": "error.html",
            "kms_key_id": null,
            "metadata": null,
            "object_lock_legal_hold_status": "",
            "object_lock_mode": "",
            "object_lock_retain_until_date": "",
            "override_provider": [],
            "server_side_encryption": "AES256",
            "source": "../client/dist/error.html",
            "source_hash": null,
            "storage_class": "STANDARD",
            "tags": null,
            "tags_all": {},
            "version_id": "",
            "website_redirect": ""
          },
          "sensitive_attributes": [],
          "private": "bnVsbA==",
          "dependencies": [
            "aws_s3_bucket.newsquest_frontend",
            "aws_s3_bucket_ownership_controls.site",
            "aws_s3_bucket_public_access_block.site"
          ]
        }
      ]
    },
    {
      "mode": "managed",
      "type": "aws_s3_object",
      "name": "index",
      "provider": "provider[\"registry.terraform.io/hashicorp/aws\"]",
      "instances": [
        {
          "schema_version": 0,
          "attributes": {
            "acl": "public-read",
            "arn": "arn:aws:s3:::newsquest-bucket/index.html",
            "bucket": "newsquest-bucket",
            "bucket_key_enabled": false,
            "cache_control": "",
            "checksum_algorithm": null,
            "checksum_crc32": "",
            "checksum_crc32c": "",
            "checksum_crc64nvme": "",
            "checksum_sha1": "",
            "checksum_sha256": "",
            "content": null,
            "content_base64": null,
            "content_disposition": "",
            "content_encoding": "",
            "content_language": "",
            "content_type": "text/html",
            "etag": "8be02da3af9d376ef39fe176e68e139f",
            "force_destroy": false,
            "id": "index.html",
            "key": "index.html",
            "kms_key_id": null,
            "metadata": {},
            "object_lock_legal_hold_status": "",
            "object_lock_mode": "",
            "object_lock_retain_until_date": "",
            "override_provider": [],
            "server_side_encryption": "AES256",
            "source": "../client/dist/index.html",
            "source_hash": null,
            "storage_class": "STANDARD",
            "tags": {},
            "tags_all": {},
            "version_id": "",
            "website_redirect": ""
          },
          "sensitive_attributes": [],
          "private": "bnVsbA==",
          "dependencies": [
            "aws_s3_bucket.newsquest_frontend",
            "aws_s3_bucket_ownership_controls.site",
            "aws_s3_bucket_public_access_block.site"
          ]
        }
      ]
    },
    {
      "mode": "managed",
      "type": "aws_security_group",
      "name": "newsquest_sg",
      "provider": "provider[\"registry.terraform.io/hashicorp/aws\"]",
      "instances": [
        {
          "schema_version": 1,
          "attributes": {
            "arn": "arn:aws:ec2:eu-central-1:156041404069:security-group/sg-071457c4a0b2a1d31",
            "description": "Security group for News-Quest",
            "egress": [
              {
                "cidr_blocks": [
                  "0.0.0.0/0"
                ],
                "description": "",
                "from_port": 0,
                "ipv6_cidr_blocks": [],
                "prefix_list_ids": [],
                "protocol": "-1",
                "security_groups": [],
                "self": false,
                "to_port": 0
              }
            ],
            "id": "sg-071457c4a0b2a1d31",
            "ingress": [
              {
                "cidr_blocks": [
                  "0.0.0.0/0"
                ],
                "description": "",
                "from_port": 22,
                "ipv6_cidr_blocks": [],
                "prefix_list_ids": [],
                "protocol": "tcp",
                "security_groups": [],
                "self": false,
                "to_port": 22
              },
              {
                "cidr_blocks": [
                  "0.0.0.0/0"
                ],
                "description": "",
                "from_port": 8000,
                "ipv6_cidr_blocks": [],
                "prefix_list_ids": [],
                "protocol": "tcp",
                "security_groups": [],
                "self": false,
                "to_port": 8000
              },
              {
                "cidr_blocks": [
                  "0.0.0.0/0"
                ],
                "description": "",
                "from_port": 80,
                "ipv6_cidr_blocks": [],
                "prefix_list_ids": [],
                "protocol": "tcp",
                "security_groups": [],
                "self": false,
                "to_port": 80
              }
            ],
            "name": "newsquest_security_group",
            "name_prefix": "",
            "owner_id": "156041404069",
            "revoke_rules_on_delete": false,
            "tags": {},
            "tags_all": {},
            "timeouts": null,
            "vpc_id": "vpc-07ad665279d48812a"
          },
          "sensitive_attributes": [],
          "private": "eyJlMmJmYjczMC1lY2FhLTExZTYtOGY4OC0zNDM2M2JjN2M0YzAiOnsiY3JlYXRlIjo2MDAwMDAwMDAwMDAsImRlbGV0ZSI6OTAwMDAwMDAwMDAwfSwic2NoZW1hX3ZlcnNpb24iOiIxIn0="
        }
      ]
    },
    {
      "mode": "managed",
      "type": "local_file",
      "name": "my_key_file",
      "provider": "provider[\"registry.terraform.io/hashicorp/local\"]",
      "instances": [
        {
          "schema_version": 0,
          "attributes": {
            "content": "-----BEGIN RSA PRIVATE KEY-----\nMIIJJwIBAAKCAgEArfshURImMPwHgVdXyHlYf30zVjzWkX98s2z2+FR5EI8th+U+\nwIm1V+Cpy2Y/q4ECj69zHOdnE35/gFQO9bbPG1a14e7BmCiMOczLSrZWNq1+OSN3\nDUvB23Z9jWcgqKE3WxaIuxtJWDeopQAJRUaaSmYqaYHL8agpxj38ym2XjXdHw7l2\nUa9LWJunrvtvtZr+2CW+I+gnNIvUK1v+iayJdPXPWJXNQMnmmTZJ1wlZfXNsuC8A\n2pJX+FsJ77+TkXdOQKk+t/dMD2IwumF31Mt9T1M4CL+pcITwDeoTewV4eOS4IKfp\nwRTdsvS+l7P/Ze6Q9wgrXpEa7qI9nHshkjj9u39PCQ0uI9Myuy3FcF3tEcfmjUgN\nKB30Dp80lbd7NDDfOQU+f09035MGEeHFhjG41g9o3RoV0j7nomHVeGA5pE8u9IlV\nFyxinLyRKaF3aCoOSaq6WbJv0mAkXSQdNecBORsPm6/uTbPCHl+YohO8emPtUL+B\nbIosu3XY7WjyLI3FwLvUz/eM0khC/kd2BLXDPaoiwvyQiX02ZzHoTaeLCcOGActX\n0LGmNzmXZ/1KlgGJOf/daQwmzkEmp9IenO3NWRdXCyzwFpjUSHkZ4R5wTR1YyllY\nhs1OfY6gcp8+j8tFAVQ0CFZknIyYP1cTKGQiLyiEc5wkCX6Xyc6DRjk1ClkCAwEA\nAQKCAgBk91WJZ9/0E38Dh72w4QMD0ZPGWz4mZ/blZboZuWQcwQqqT9bQA9rSqdW/\n7ZHLpO3oluhWANCn1oSF48JexH2CnxqkiFufQwDF1lyv+gskZiDXZgaEF8/j3erU\n8eFZG141pWkqNJam9H4Ra2j15BhMTugUHLhPgMjlfDnE/D60YWGra2kH1JQEUyjH\n+rEEknOM2rJywhpmezNhCl04ZoHK95AiF6VrEQCbL49AlPNzQ1X3uYdkUQNuZN7q\nXKJ2C+fEzLNSLdjdIJ2ovEG/o2wQafod0aSyYOOzH4G4ph8ZAZr9kJSucb6LSU+G\nWHZCIGXOhtYsZkdb75mTwz1jT2GnxiiTm914gVkYBMmoyibdrwh2PhQOxdOrXHSC\nmf7XietlNUb2uToXhadHKtK5U6YXFRm3WsGW53rwxlCkk0pGy++QlTIYyb73mVe2\nixOLU0fIRYwSewm+OOx9o8JpCiL2TVg5L4GRd7y3G97m90b7wwDjj6l9eHtbxhrL\n+4EZC+cdPm9KaUc2016+xXL25hcwiHra/Pzg+W4lbQzriBlW6oQfIm8rYk7YfU2H\nylgzTUgnKpu9urrwuNHlNzUn6eUo3eaxfi4ZfGeMLfrpGAuJmOkjDWnxSL45XKtZ\nMJZQiQJe9ivetv/Rqx5sEYIHYmaqtXJ8LxX+AyIRJlW2dszU5QKCAQEA1pSChnnN\nyKKs7m0fNl7QJG47XR7MlW0yDLyGp7/cc9WbOHVmjpzzhe3E1r7ZvZElIlvGPxHI\n3ETnazpcE/SQ9Dpd4/u5Kl9Qv5NdAdvM7LnCp3+kLQsO4oLYxgDWouDY0bAuU6Bs\n3xbNfegsRGzJii6CKRduZHSnS3FiBdjSxCFMhsm2rnCb0Etd2XHtMHvV4HH2H/nJ\nZQaJvjfaOVU40cEHnaOgw6KzqsGH014joCeDQKaTn+vLqA9Xfpq81pq9I7AKhvxd\ndXOaPJkxHeO+M7kLEHLfIFdhC+ssxsisjs46RY+f96OZ0ljTKqvLnRdtxIfCbr0p\nQ+mViU9y+DZJawKCAQEAz5BpRTKlwfcCsO0OAClW9NAoW10XFioIfbYht2QnDEns\nadhvxu30Thj2OCGXA1PH7Kzwzwqs+1DfeiyDpyA1mC2abinvGi9/OPZlXxPCO8Eg\n2Op9JfJSTD2lPXjNtGLSUjNGZ0ORCGAgAP6+J0JDIPECetY4NYgEijWqzizYwtz6\n1/hjPDdUzSF46uC0ZkupdSq47O7Abc+o7boEucX0IpGkbbogDFCsNJfEooQnApsv\n02GBhInSAjEBeM8giGfkszFLgSgLpLM4CVb7VDs1t5ZrFUAMLaNpJMkkyIgUqOMz\nXmYgZX6sFG+N/Y4sj3vo06O5aYkP3ReYoi26cKKYSwKCAQApydQ9kh0EVMHu0OuC\nMCbC4YDIGsZm11Qm7NQgeRnaqR/Id/yYC3LVgz+RPquy4kBkF5FdGP6P/w8+b6gc\n7sUH+xHr40rlOJjGJlG3mfGnrGl/Kzly2DN241qJ/QHPyJARDgmHmbd6Hru4KG3u\niW0abwJENF74S0uFQrh/QQGS1pVLrp7YC/AcOYE2Zpx1k7hMNIVlJsUU2pgapk/m\nWHVvS/NKvOIDF3175KKqBCxV9Tv3bDlVrJsFyK8WZdYeyRXKjG8QaLdetzuzT3Yk\nRwT0l7XS5zwS1VF9+7fForEQQpNQlq7lkEPVlhzRs5E8r6Jd4r53yHjv096eVg2i\nzxevAoIBAGIa36bVSYNkPOFjKjrpTzBnMqv8U+0l8N16OHV14P7t8dAVfL+JuO8w\n3S+qsLXh45z6INe7NAeVMguM/qz/jFVhOJzZNSorSPajf0ZxEF0t61ibfIty/XML\nsA5eCtw32TEBC0XDqclLpdTSkw37Q79OKt3kYqzqnTq2IwVQLSPtTqLFxCGyBWLv\nbzeU/a9cE7xNdRqHvmwouq+iPJmR9tJgBFfYoU0w1DQHh+lIjSeuMey3KYB7o8dl\nYky3majfcjlAE2/4fYhbLSE8+43Ubo9XiUWCAD+R/SBl8fzWVO1+dckofCd8t9jw\n4Sv3BxjKeEGQIRLAtb7KaFo/Qt/5+gECggEASD411CzMYKrEMG5ZRUwigCVbDkWc\nTdK2bvR/05j9K+ohQvlHciUzXWF4TLDPpnqmIRiXtqnOtC82ld855YIMn/Sg0MGV\ncYVCCNhZDgxT6oHmSD+g/wRpIguLZGkVkkIg6sBiWJaMkbiyE/PQ27G1YPb4XpfV\ncNsVlvy64vVqsqh0wbFSr07KA6HzXHAwmInygYD64I6evBiRRF3iz/fffctfCgiL\nC4kKINqi+DxgbnwmI/FokPz2hV9si6t0jjYoXypsHthIyw34qEfpgpHWX3sQQxyn\n/6eWGeQ81DCyLvEh71+aRYQqLi+ByuSboqyGJgITuCCFxkFFtAjEQizSwA==\n-----END RSA PRIVATE KEY-----\n",
            "content_base64": null,
            "content_base64sha256": "pLgWTp8g9AbHr7PBxGr/1XbCWsmPtbLUAWVcFYtkPok=",
            "content_base64sha512": "iYc/bN/Hu8Kd82+CKIJJjq/ohKqwBGGhu4GnZbk+K17V5a8AEBQ1UYSTSnZOqFhx8rD+MAMEMM7SssjhgRJEjA==",
            "content_md5": "2fda7f155adf4e9ff70b0d099e0029ae",
            "content_sha1": "814ea4c5f98303ac5be0c24bd5364d1e3d19f86f",
            "content_sha256": "a4b8164e9f20f406c7afb3c1c46affd576c25ac98fb5b2d401655c158b643e89",
            "content_sha512": "89873f6cdfc7bbc29df36f822882498eafe884aab00461a1bb81a765b93e2b5ed5e5af001014355184934a764ea85871f2b0fe30030430ced2b2c8e18112448c",
            "directory_permission": "0777",
            "file_permission": "600",
            "filename": "./news_key.pem",
            "id": "814ea4c5f98303ac5be0c24bd5364d1e3d19f86f",
            "sensitive_content": null,
            "source": null
          },
          "sensitive_attributes": [
            [
              {
                "type": "get_attr",
                "value": "content"
              }
            ],
            [
              {
                "type": "get_attr",
                "value": "sensitive_content"
              }
            ]
          ],
          "dependencies": [
            "tls_private_key.my_key"
          ]
        }
      ]
    },
    {
      "mode": "managed",
      "type": "tls_private_key",
      "name": "my_key",
      "provider": "provider[\"registry.terraform.io/hashicorp/tls\"]",
      "instances": [
        {
          "schema_version": 1,
          "attributes": {
            "algorithm": "RSA",
            "ecdsa_curve": "P224",
            "id": "6f9b788f164a0cc805dbbed3a801be02d0e9de3a",
            "private_key_openssh": "-----BEGIN OPENSSH PRIVATE KEY-----\nb3BlbnNzaC1rZXktdjEAAAAABG5vbmUAAAAEbm9uZQAAAAAAAAABAAACFwAAAAdz\nc2gtcnNhAAAAAwEAAQAAAgEArfshURImMPwHgVdXyHlYf30zVjzWkX98s2z2+FR5\nEI8th+U+wIm1V+Cpy2Y/q4ECj69zHOdnE35/gFQO9bbPG1a14e7BmCiMOczLSrZW\nNq1+OSN3DUvB23Z9jWcgqKE3WxaIuxtJWDeopQAJRUaaSmYqaYHL8agpxj38ym2X\njXdHw7l2Ua9LWJunrvtvtZr+2CW+I+gnNIvUK1v+iayJdPXPWJXNQMnmmTZJ1wlZ\nfXNsuC8A2pJX+FsJ77+TkXdOQKk+t/dMD2IwumF31Mt9T1M4CL+pcITwDeoTewV4\neOS4IKfpwRTdsvS+l7P/Ze6Q9wgrXpEa7qI9nHshkjj9u39PCQ0uI9Myuy3FcF3t\nEcfmjUgNKB30Dp80lbd7NDDfOQU+f09035MGEeHFhjG41g9o3RoV0j7nomHVeGA5\npE8u9IlVFyxinLyRKaF3aCoOSaq6WbJv0mAkXSQdNecBORsPm6/uTbPCHl+YohO8\nemPtUL+BbIosu3XY7WjyLI3FwLvUz/eM0khC/kd2BLXDPaoiwvyQiX02ZzHoTaeL\nCcOGActX0LGmNzmXZ/1KlgGJOf/daQwmzkEmp9IenO3NWRdXCyzwFpjUSHkZ4R5w\nTR1YyllYhs1OfY6gcp8+j8tFAVQ0CFZknIyYP1cTKGQiLyiEc5wkCX6Xyc6DRjk1\nClkAAAc4eWZEZ3lmRGcAAAAHc3NoLXJzYQAAAgEArfshURImMPwHgVdXyHlYf30z\nVjzWkX98s2z2+FR5EI8th+U+wIm1V+Cpy2Y/q4ECj69zHOdnE35/gFQO9bbPG1a1\n4e7BmCiMOczLSrZWNq1+OSN3DUvB23Z9jWcgqKE3WxaIuxtJWDeopQAJRUaaSmYq\naYHL8agpxj38ym2XjXdHw7l2Ua9LWJunrvtvtZr+2CW+I+gnNIvUK1v+iayJdPXP\nWJXNQMnmmTZJ1wlZfXNsuC8A2pJX+FsJ77+TkXdOQKk+t/dMD2IwumF31Mt9T1M4\nCL+pcITwDeoTewV4eOS4IKfpwRTdsvS+l7P/Ze6Q9wgrXpEa7qI9nHshkjj9u39P\nCQ0uI9Myuy3FcF3tEcfmjUgNKB30Dp80lbd7NDDfOQU+f09035MGEeHFhjG41g9o\n3RoV0j7nomHVeGA5pE8u9IlVFyxinLyRKaF3aCoOSaq6WbJv0mAkXSQdNecBORsP\nm6/uTbPCHl+YohO8emPtUL+BbIosu3XY7WjyLI3FwLvUz/eM0khC/kd2BLXDPaoi\nwvyQiX02ZzHoTaeLCcOGActX0LGmNzmXZ/1KlgGJOf/daQwmzkEmp9IenO3NWRdX\nCyzwFpjUSHkZ4R5wTR1YyllYhs1OfY6gcp8+j8tFAVQ0CFZknIyYP1cTKGQiLyiE\nc5wkCX6Xyc6DRjk1ClkAAAADAQABAAACAGT3VYln3/QTfwOHvbDhAwPRk8ZbPiZn\n9uVluhm5ZBzBCqpP1tAD2tKp1b/tkcuk7eiW6FYA0KfWhIXjwl7EfYKfGqSIW59D\nAMXWXK/6CyRmINdmBoQXz+Pd6tTx4VkbXjWlaSo0lqb0fhFraPXkGExO6BQcuE+A\nyOV8OcT8PrRhYatraQfUlARTKMf6sQSSc4zasnLCGmZ7M2EKXThmgcr3kCIXpWsR\nAJsvj0CU83NDVfe5h2RRA25k3upconYL58TMs1It2N0gnai8Qb+jbBBp+h3RpLJg\n47MfgbimHxkBmv2QlK5xvotJT4ZYdkIgZc6G1ixmR1vvmZPDPWNPYafGKJOb3XiB\nWRgEyajKJt2vCHY+FA7F06tcdIKZ/teJ62U1Rva5OheFp0cq0rlTphcVGbdawZbn\nevDGUKSTSkbL75CVMhjJvveZV7aLE4tTR8hFjBJ7Cb447H2jwmkKIvZNWDkvgZF3\nvLcb3ub3RvvDAOOPqX14e1vGGsv7gRkL5x0+b0ppRzbTXr7FcvbmFzCIetr8/OD5\nbiVtDOuIGVbqhB8ibytiTth9TYfKWDNNSCcqm726uvC40eU3NSfp5Sjd5rF+Lhl8\nZ4wt+ukYC4mY6SMNafFIvjlcq1kwllCJAl72K962/9GrHmwRggdiZqq1cnwvFf4D\nIhEmVbZ2zNTlAAABAEg+NdQszGCqxDBuWUVMIoAlWw5FnE3Stm70f9OY/SvqIUL5\nR3IlM11heEywz6Z6piEYl7apzrQvNpXfOeWCDJ/0oNDBlXGFQgjYWQ4MU+qB5kg/\noP8EaSILi2RpFZJCIOrAYliWjJG4shPz0NuxtWD2+F6X1XDbFZb8uuL1arKodMGx\nUq9OygOh81xwMJiJ8oGA+uCOnrwYkURd4s/3333LXwoIiwuJCiDaovg8YG58JiPx\naJD89oVfbIurdI42KF8qbB7YSMsN+KhH6YKR1l97EEMcp/+nlhnkPNQwsi7xIe9f\nmkWEKi4vgcrkm6KshiYCE7gghcZBRbQIxEIs0sAAAAEBANaUgoZ5zciirO5tHzZe\n0CRuO10ezJVtMgy8hqe/3HPVmzh1Zo6c84XtxNa+2b2RJSJbxj8RyNxE52s6XBP0\nkPQ6XeP7uSpfUL+TXQHbzOy5wqd/pC0LDuKC2MYA1qLg2NGwLlOgbN8WzX3oLERs\nyYougikXbmR0p0txYgXY0sQhTIbJtq5wm9BLXdlx7TB71eBx9h/5yWUGib432jlV\nONHBB52joMOis6rBh9NeI6Ang0Cmk5/ry6gPV36avNaavSOwCob8XXVzmjyZMR3j\nvjO5CxBy3yBXYQvrLMbIrI7OOkWPn/ejmdJY0yqry50XbcSHwm69KUPplYlPcvg2\nSWsAAAEBAM+QaUUypcH3ArDtDgApVvTQKFtdFxYqCH22IbdkJwxJ7GnYb8bt9E4Y\n9jghlwNTx+ys8M8KrPtQ33osg6cgNZgtmm4p7xovfzj2ZV8TwjvBINjqfSXyUkw9\npT14zbRi0lIzRmdDkQhgIAD+vidCQyDxAnrWODWIBIo1qs4s2MLc+tf4Yzw3VM0h\neOrgtGZLqXUquOzuwG3PqO26BLnF9CKRpG26IAxQrDSXxKKEJwKbL9NhgYSJ0gIx\nAXjPIIhn5LMxS4EoC6SzOAlW+1Q7NbeWaxVADC2jaSTJJMiIFKjjM15mIGV+rBRv\njf2OLI976NOjuWmJD90XmKItunCimEsAAAAAAQID\n-----END OPENSSH PRIVATE KEY-----\n",
            "private_key_pem": "-----BEGIN RSA PRIVATE KEY-----\nMIIJJwIBAAKCAgEArfshURImMPwHgVdXyHlYf30zVjzWkX98s2z2+FR5EI8th+U+\nwIm1V+Cpy2Y/q4ECj69zHOdnE35/gFQO9bbPG1a14e7BmCiMOczLSrZWNq1+OSN3\nDUvB23Z9jWcgqKE3WxaIuxtJWDeopQAJRUaaSmYqaYHL8agpxj38ym2XjXdHw7l2\nUa9LWJunrvtvtZr+2CW+I+gnNIvUK1v+iayJdPXPWJXNQMnmmTZJ1wlZfXNsuC8A\n2pJX+FsJ77+TkXdOQKk+t/dMD2IwumF31Mt9T1M4CL+pcITwDeoTewV4eOS4IKfp\nwRTdsvS+l7P/Ze6Q9wgrXpEa7qI9nHshkjj9u39PCQ0uI9Myuy3FcF3tEcfmjUgN\nKB30Dp80lbd7NDDfOQU+f09035MGEeHFhjG41g9o3RoV0j7nomHVeGA5pE8u9IlV\nFyxinLyRKaF3aCoOSaq6WbJv0mAkXSQdNecBORsPm6/uTbPCHl+YohO8emPtUL+B\nbIosu3XY7WjyLI3FwLvUz/eM0khC/kd2BLXDPaoiwvyQiX02ZzHoTaeLCcOGActX\n0LGmNzmXZ/1KlgGJOf/daQwmzkEmp9IenO3NWRdXCyzwFpjUSHkZ4R5wTR1YyllY\nhs1OfY6gcp8+j8tFAVQ0CFZknIyYP1cTKGQiLyiEc5wkCX6Xyc6DRjk1ClkCAwEA\nAQKCAgBk91WJZ9/0E38Dh72w4QMD0ZPGWz4mZ/blZboZuWQcwQqqT9bQA9rSqdW/\n7ZHLpO3oluhWANCn1oSF48JexH2CnxqkiFufQwDF1lyv+gskZiDXZgaEF8/j3erU\n8eFZG141pWkqNJam9H4Ra2j15BhMTugUHLhPgMjlfDnE/D60YWGra2kH1JQEUyjH\n+rEEknOM2rJywhpmezNhCl04ZoHK95AiF6VrEQCbL49AlPNzQ1X3uYdkUQNuZN7q\nXKJ2C+fEzLNSLdjdIJ2ovEG/o2wQafod0aSyYOOzH4G4ph8ZAZr9kJSucb6LSU+G\nWHZCIGXOhtYsZkdb75mTwz1jT2GnxiiTm914gVkYBMmoyibdrwh2PhQOxdOrXHSC\nmf7XietlNUb2uToXhadHKtK5U6YXFRm3WsGW53rwxlCkk0pGy++QlTIYyb73mVe2\nixOLU0fIRYwSewm+OOx9o8JpCiL2TVg5L4GRd7y3G97m90b7wwDjj6l9eHtbxhrL\n+4EZC+cdPm9KaUc2016+xXL25hcwiHra/Pzg+W4lbQzriBlW6oQfIm8rYk7YfU2H\nylgzTUgnKpu9urrwuNHlNzUn6eUo3eaxfi4ZfGeMLfrpGAuJmOkjDWnxSL45XKtZ\nMJZQiQJe9ivetv/Rqx5sEYIHYmaqtXJ8LxX+AyIRJlW2dszU5QKCAQEA1pSChnnN\nyKKs7m0fNl7QJG47XR7MlW0yDLyGp7/cc9WbOHVmjpzzhe3E1r7ZvZElIlvGPxHI\n3ETnazpcE/SQ9Dpd4/u5Kl9Qv5NdAdvM7LnCp3+kLQsO4oLYxgDWouDY0bAuU6Bs\n3xbNfegsRGzJii6CKRduZHSnS3FiBdjSxCFMhsm2rnCb0Etd2XHtMHvV4HH2H/nJ\nZQaJvjfaOVU40cEHnaOgw6KzqsGH014joCeDQKaTn+vLqA9Xfpq81pq9I7AKhvxd\ndXOaPJkxHeO+M7kLEHLfIFdhC+ssxsisjs46RY+f96OZ0ljTKqvLnRdtxIfCbr0p\nQ+mViU9y+DZJawKCAQEAz5BpRTKlwfcCsO0OAClW9NAoW10XFioIfbYht2QnDEns\nadhvxu30Thj2OCGXA1PH7Kzwzwqs+1DfeiyDpyA1mC2abinvGi9/OPZlXxPCO8Eg\n2Op9JfJSTD2lPXjNtGLSUjNGZ0ORCGAgAP6+J0JDIPECetY4NYgEijWqzizYwtz6\n1/hjPDdUzSF46uC0ZkupdSq47O7Abc+o7boEucX0IpGkbbogDFCsNJfEooQnApsv\n02GBhInSAjEBeM8giGfkszFLgSgLpLM4CVb7VDs1t5ZrFUAMLaNpJMkkyIgUqOMz\nXmYgZX6sFG+N/Y4sj3vo06O5aYkP3ReYoi26cKKYSwKCAQApydQ9kh0EVMHu0OuC\nMCbC4YDIGsZm11Qm7NQgeRnaqR/Id/yYC3LVgz+RPquy4kBkF5FdGP6P/w8+b6gc\n7sUH+xHr40rlOJjGJlG3mfGnrGl/Kzly2DN241qJ/QHPyJARDgmHmbd6Hru4KG3u\niW0abwJENF74S0uFQrh/QQGS1pVLrp7YC/AcOYE2Zpx1k7hMNIVlJsUU2pgapk/m\nWHVvS/NKvOIDF3175KKqBCxV9Tv3bDlVrJsFyK8WZdYeyRXKjG8QaLdetzuzT3Yk\nRwT0l7XS5zwS1VF9+7fForEQQpNQlq7lkEPVlhzRs5E8r6Jd4r53yHjv096eVg2i\nzxevAoIBAGIa36bVSYNkPOFjKjrpTzBnMqv8U+0l8N16OHV14P7t8dAVfL+JuO8w\n3S+qsLXh45z6INe7NAeVMguM/qz/jFVhOJzZNSorSPajf0ZxEF0t61ibfIty/XML\nsA5eCtw32TEBC0XDqclLpdTSkw37Q79OKt3kYqzqnTq2IwVQLSPtTqLFxCGyBWLv\nbzeU/a9cE7xNdRqHvmwouq+iPJmR9tJgBFfYoU0w1DQHh+lIjSeuMey3KYB7o8dl\nYky3majfcjlAE2/4fYhbLSE8+43Ubo9XiUWCAD+R/SBl8fzWVO1+dckofCd8t9jw\n4Sv3BxjKeEGQIRLAtb7KaFo/Qt/5+gECggEASD411CzMYKrEMG5ZRUwigCVbDkWc\nTdK2bvR/05j9K+ohQvlHciUzXWF4TLDPpnqmIRiXtqnOtC82ld855YIMn/Sg0MGV\ncYVCCNhZDgxT6oHmSD+g/wRpIguLZGkVkkIg6sBiWJaMkbiyE/PQ27G1YPb4XpfV\ncNsVlvy64vVqsqh0wbFSr07KA6HzXHAwmInygYD64I6evBiRRF3iz/fffctfCgiL\nC4kKINqi+DxgbnwmI/FokPz2hV9si6t0jjYoXypsHthIyw34qEfpgpHWX3sQQxyn\n/6eWGeQ81DCyLvEh71+aRYQqLi+ByuSboqyGJgITuCCFxkFFtAjEQizSwA==\n-----END RSA PRIVATE KEY-----\n",
            "private_key_pem_pkcs8": "-----BEGIN PRIVATE KEY-----\nMIIJQQIBADANBgkqhkiG9w0BAQEFAASCCSswggknAgEAAoICAQCt+yFREiYw/AeB\nV1fIeVh/fTNWPNaRf3yzbPb4VHkQjy2H5T7AibVX4KnLZj+rgQKPr3Mc52cTfn+A\nVA71ts8bVrXh7sGYKIw5zMtKtlY2rX45I3cNS8Hbdn2NZyCooTdbFoi7G0lYN6il\nAAlFRppKZippgcvxqCnGPfzKbZeNd0fDuXZRr0tYm6eu+2+1mv7YJb4j6Cc0i9Qr\nW/6JrIl09c9Ylc1AyeaZNknXCVl9c2y4LwDaklf4Wwnvv5ORd05AqT6390wPYjC6\nYXfUy31PUzgIv6lwhPAN6hN7BXh45Lggp+nBFN2y9L6Xs/9l7pD3CCtekRruoj2c\neyGSOP27f08JDS4j0zK7LcVwXe0Rx+aNSA0oHfQOnzSVt3s0MN85BT5/T3TfkwYR\n4cWGMbjWD2jdGhXSPueiYdV4YDmkTy70iVUXLGKcvJEpoXdoKg5JqrpZsm/SYCRd\nJB015wE5Gw+br+5Ns8IeX5iiE7x6Y+1Qv4Fsiiy7ddjtaPIsjcXAu9TP94zSSEL+\nR3YEtcM9qiLC/JCJfTZnMehNp4sJw4YBy1fQsaY3OZdn/UqWAYk5/91pDCbOQSan\n0h6c7c1ZF1cLLPAWmNRIeRnhHnBNHVjKWViGzU59jqBynz6Py0UBVDQIVmScjJg/\nVxMoZCIvKIRznCQJfpfJzoNGOTUKWQIDAQABAoICAGT3VYln3/QTfwOHvbDhAwPR\nk8ZbPiZn9uVluhm5ZBzBCqpP1tAD2tKp1b/tkcuk7eiW6FYA0KfWhIXjwl7EfYKf\nGqSIW59DAMXWXK/6CyRmINdmBoQXz+Pd6tTx4VkbXjWlaSo0lqb0fhFraPXkGExO\n6BQcuE+AyOV8OcT8PrRhYatraQfUlARTKMf6sQSSc4zasnLCGmZ7M2EKXThmgcr3\nkCIXpWsRAJsvj0CU83NDVfe5h2RRA25k3upconYL58TMs1It2N0gnai8Qb+jbBBp\n+h3RpLJg47MfgbimHxkBmv2QlK5xvotJT4ZYdkIgZc6G1ixmR1vvmZPDPWNPYafG\nKJOb3XiBWRgEyajKJt2vCHY+FA7F06tcdIKZ/teJ62U1Rva5OheFp0cq0rlTphcV\nGbdawZbnevDGUKSTSkbL75CVMhjJvveZV7aLE4tTR8hFjBJ7Cb447H2jwmkKIvZN\nWDkvgZF3vLcb3ub3RvvDAOOPqX14e1vGGsv7gRkL5x0+b0ppRzbTXr7FcvbmFzCI\netr8/OD5biVtDOuIGVbqhB8ibytiTth9TYfKWDNNSCcqm726uvC40eU3NSfp5Sjd\n5rF+Lhl8Z4wt+ukYC4mY6SMNafFIvjlcq1kwllCJAl72K962/9GrHmwRggdiZqq1\ncnwvFf4DIhEmVbZ2zNTlAoIBAQDWlIKGec3IoqzubR82XtAkbjtdHsyVbTIMvIan\nv9xz1Zs4dWaOnPOF7cTWvtm9kSUiW8Y/EcjcROdrOlwT9JD0Ol3j+7kqX1C/k10B\n28zsucKnf6QtCw7igtjGANai4NjRsC5ToGzfFs196CxEbMmKLoIpF25kdKdLcWIF\n2NLEIUyGybaucJvQS13Zce0we9XgcfYf+cllBom+N9o5VTjRwQedo6DDorOqwYfT\nXiOgJ4NAppOf68uoD1d+mrzWmr0jsAqG/F11c5o8mTEd474zuQsQct8gV2EL6yzG\nyKyOzjpFj5/3o5nSWNMqq8udF23Eh8JuvSlD6ZWJT3L4NklrAoIBAQDPkGlFMqXB\n9wKw7Q4AKVb00ChbXRcWKgh9tiG3ZCcMSexp2G/G7fROGPY4IZcDU8fsrPDPCqz7\nUN96LIOnIDWYLZpuKe8aL3849mVfE8I7wSDY6n0l8lJMPaU9eM20YtJSM0ZnQ5EI\nYCAA/r4nQkMg8QJ61jg1iASKNarOLNjC3PrX+GM8N1TNIXjq4LRmS6l1Krjs7sBt\nz6jtugS5xfQikaRtuiAMUKw0l8SihCcCmy/TYYGEidICMQF4zyCIZ+SzMUuBKAuk\nszgJVvtUOzW3lmsVQAwto2kkySTIiBSo4zNeZiBlfqwUb439jiyPe+jTo7lpiQ/d\nF5iiLbpwophLAoIBACnJ1D2SHQRUwe7Q64IwJsLhgMgaxmbXVCbs1CB5GdqpH8h3\n/JgLctWDP5E+q7LiQGQXkV0Y/o//Dz5vqBzuxQf7EevjSuU4mMYmUbeZ8aesaX8r\nOXLYM3bjWon9Ac/IkBEOCYeZt3oeu7gobe6JbRpvAkQ0XvhLS4VCuH9BAZLWlUuu\nntgL8Bw5gTZmnHWTuEw0hWUmxRTamBqmT+ZYdW9L80q84gMXfXvkoqoELFX1O/ds\nOVWsmwXIrxZl1h7JFcqMbxBot163O7NPdiRHBPSXtdLnPBLVUX37t8WisRBCk1CW\nruWQQ9WWHNGzkTyvol3ivnfIeO/T3p5WDaLPF68CggEAYhrfptVJg2Q84WMqOulP\nMGcyq/xT7SXw3Xo4dXXg/u3x0BV8v4m47zDdL6qwteHjnPog17s0B5UyC4z+rP+M\nVWE4nNk1KitI9qN/RnEQXS3rWJt8i3L9cwuwDl4K3DfZMQELRcOpyUul1NKTDftD\nv04q3eRirOqdOrYjBVAtI+1OosXEIbIFYu9vN5T9r1wTvE11Goe+bCi6r6I8mZH2\n0mAEV9ihTTDUNAeH6UiNJ64x7LcpgHujx2ViTLeZqN9yOUATb/h9iFstITz7jdRu\nj1eJRYIAP5H9IGXx/NZU7X51ySh8J3y32PDhK/cHGMp4QZAhEsC1vspoWj9C3/n6\nAQKCAQBIPjXULMxgqsQwbllFTCKAJVsORZxN0rZu9H/TmP0r6iFC+UdyJTNdYXhM\nsM+meqYhGJe2qc60LzaV3znlggyf9KDQwZVxhUII2FkODFPqgeZIP6D/BGkiC4tk\naRWSQiDqwGJYloyRuLIT89DbsbVg9vhel9Vw2xWW/Lri9WqyqHTBsVKvTsoDofNc\ncDCYifKBgPrgjp68GJFEXeLP9999y18KCIsLiQog2qL4PGBufCYj8WiQ/PaFX2yL\nq3SONihfKmwe2EjLDfioR+mCkdZfexBDHKf/p5YZ5DzUMLIu8SHvX5pFhCouL4HK\n5JuirIYmAhO4IIXGQUW0CMRCLNLA\n-----END PRIVATE KEY-----\n",
            "public_key_fingerprint_md5": "9c:2b:c2:58:de:45:cb:e6:76:72:cc:59:74:96:df:69",
            "public_key_fingerprint_sha256": "SHA256:UyC+l2blSRqkq8NHOGah+FRIAr0kg4OL9gD2U1qdTYQ",
            "public_key_openssh": "ssh-rsa AAAAB3NzaC1yc2EAAAADAQABAAACAQCt+yFREiYw/AeBV1fIeVh/fTNWPNaRf3yzbPb4VHkQjy2H5T7AibVX4KnLZj+rgQKPr3Mc52cTfn+AVA71ts8bVrXh7sGYKIw5zMtKtlY2rX45I3cNS8Hbdn2NZyCooTdbFoi7G0lYN6ilAAlFRppKZippgcvxqCnGPfzKbZeNd0fDuXZRr0tYm6eu+2+1mv7YJb4j6Cc0i9QrW/6JrIl09c9Ylc1AyeaZNknXCVl9c2y4LwDaklf4Wwnvv5ORd05AqT6390wPYjC6YXfUy31PUzgIv6lwhPAN6hN7BXh45Lggp+nBFN2y9L6Xs/9l7pD3CCtekRruoj2ceyGSOP27f08JDS4j0zK7LcVwXe0Rx+aNSA0oHfQOnzSVt3s0MN85BT5/T3TfkwYR4cWGMbjWD2jdGhXSPueiYdV4YDmkTy70iVUXLGKcvJEpoXdoKg5JqrpZsm/SYCRdJB015wE5Gw+br+5Ns8IeX5iiE7x6Y+1Qv4Fsiiy7ddjtaPIsjcXAu9TP94zSSEL+R3YEtcM9qiLC/JCJfTZnMehNp4sJw4YBy1fQsaY3OZdn/UqWAYk5/91pDCbOQSan0h6c7c1ZF1cLLPAWmNRIeRnhHnBNHVjKWViGzU59jqBynz6Py0UBVDQIVmScjJg/VxMoZCIvKIRznCQJfpfJzoNGOTUKWQ==\n",
            "public_key_pem": "-----BEGIN PUBLIC KEY-----\nMIICIjANBgkqhkiG9w0BAQEFAAOCAg8AMIICCgKCAgEArfshURImMPwHgVdXyHlY\nf30zVjzWkX98s2z2+FR5EI8th+U+wIm1V+Cpy2Y/q4ECj69zHOdnE35/gFQO9bbP\nG1a14e7BmCiMOczLSrZWNq1+OSN3DUvB23Z9jWcgqKE3WxaIuxtJWDeopQAJRUaa\nSmYqaYHL8agpxj38ym2XjXdHw7l2Ua9LWJunrvtvtZr+2CW+I+gnNIvUK1v+iayJ\ndPXPWJXNQMnmmTZJ1wlZfXNsuC8A2pJX+FsJ77+TkXdOQKk+t/dMD2IwumF31Mt9\nT1M4CL+pcITwDeoTewV4eOS4IKfpwRTdsvS+l7P/Ze6Q9wgrXpEa7qI9nHshkjj9\nu39PCQ0uI9Myuy3FcF3tEcfmjUgNKB30Dp80lbd7NDDfOQU+f09035MGEeHFhjG4\n1g9o3RoV0j7nomHVeGA5pE8u9IlVFyxinLyRKaF3aCoOSaq6WbJv0mAkXSQdNecB\nORsPm6/uTbPCHl+YohO8emPtUL+BbIosu3XY7WjyLI3FwLvUz/eM0khC/kd2BLXD\nPaoiwvyQiX02ZzHoTaeLCcOGActX0LGmNzmXZ/1KlgGJOf/daQwmzkEmp9IenO3N\nWRdXCyzwFpjUSHkZ4R5wTR1YyllYhs1OfY6gcp8+j8tFAVQ0CFZknIyYP1cTKGQi\nLyiEc5wkCX6Xyc6DRjk1ClkCAwEAAQ==\n-----END PUBLIC KEY-----\n",
            "rsa_bits": 4096
          },
          "sensitive_attributes": [
            [
              {
                "type": "get_attr",
                "value": "private_key_pem_pkcs8"
              }
            ],
            [
              {
                "type": "get_attr",
                "value": "private_key_openssh"
              }
            ],
            [
              {
                "type": "get_attr",
                "value": "private_key_pem"
              }
            ]
          ]
        }
      ]
    }
  ],
  "check_results": null
}
